lockfileVersion: 5.3

specifiers:
  classnames: ^2.3.1
  react-router-dom: ^6.2.1

dependencies:
  classnames: 2.3.1
  react-router-dom: 6.2.1

packages:

  /@babel/runtime/7.16.3:
    resolution: {integrity: sha512-WBwekcqacdY2e9AF/Q7WLFUWmdJGJTkbjqTjoMDgXkVZ3ZRUvOPsLb5KdwISoQVsbP+DQzVZW4Zhci0DvpbNTQ==}
    engines: {node: '>=6.9.0'}
    dependencies:
      regenerator-runtime: 0.13.9
    dev: false

  /classnames/2.3.1:
    resolution: {integrity: sha512-OlQdbZ7gLfGarSqxesMesDa5uz7KFbID8Kpq/SxIoNGDqY8lSYs0D+hhtBXhcdB3rcbXArFr7vlHheLk1voeNA==}
    dev: false

  /history/5.2.0:
    resolution: {integrity: sha512-uPSF6lAJb3nSePJ43hN3eKj1dTWpN9gMod0ZssbFTIsen+WehTmEadgL+kg78xLJFdRfrrC//SavDzmRVdE+Ig==}
    dependencies:
      '@babel/runtime': 7.16.3
    dev: false

  /react-router-dom/6.2.1:
    resolution: {integrity: sha512-I6Zax+/TH/cZMDpj3/4Fl2eaNdcvoxxHoH1tYOREsQ22OKDYofGebrNm6CTPUcvLvZm63NL/vzCYdjf9CUhqmA==}
    peerDependencies:
      react: '>=16.8'
      react-dom: '>=16.8'
    dependencies:
      history: 5.2.0
      react-router: 6.2.1
    dev: false

  /react-router/6.2.1:
    resolution: {integrity: sha512-2fG0udBtxou9lXtK97eJeET2ki5//UWfQSl1rlJ7quwe6jrktK9FCCc8dQb5QY6jAv3jua8bBQRhhDOM/kVRsg==}
    peerDependencies:
      react: '>=16.8'
    dependencies:
      history: 5.2.0
    dev: false

  /regenerator-runtime/0.13.9:
    resolution: {integrity: sha512-p3VT+cOEgxFsRRA9X4lkI1E+k2/CtnKtU4gcxyaCUreilL/vqI6CdZ3wxVUx3UOUg+gnUOQQcRI7BmSI656MYA==}
    dev: false
